
Microsoft Visual Studio Solution File, Format Version 12.00
# Visual Studio Version 17
VisualStudioVersion = 17.6.33723.286
MinimumVisualStudioVersion = 10.0.40219.1
Project("{8BC9CEB8-8B4A-11D0-8D11-00A0C91BC942}") = "Sandbox", "Sandbox\Sandbox.vcxproj", "{DE149079-3046-41A8-9B7F-C575BA6510CD}"
EndProject
Project("{8BC9CEB8-8B4A-11D0-8D11-00A0C91BC942}") = "MendiEngine", "MendiEngine\MendiEngine.vcxproj", "{EE223099-F38A-4717-87F4-54F28C911994}"
EndProject
Global
	GlobalSection(SolutionConfigurationPlatforms) = preSolution
		Debug|x64 = Debug|x64
		Release|x64 = Release|x64
	EndGlobalSection
	GlobalSection(ProjectConfigurationPlatforms) = postSolution
		{EE223099-F38A-4717-87F4-54F28C911994}.Debug|x64.ActiveCfg = Debug|x64
		{EE223099-F38A-4717-87F4-54F28C911994}.Debug|x64.Build.0 = Debug|x64
		{EE223099-F38A-4717-87F4-54F28C911994}.Release|x64.ActiveCfg = Release|x64
		{EE223099-F38A-4717-87F4-54F28C911994}.Release|x64.Build.0 = Release|x64
		{DE149079-3046-41A8-9B7F-C575BA6510CD}.Debug|x64.ActiveCfg = Debug|x64
		{DE149079-3046-41A8-9B7F-C575BA6510CD}.Debug|x64.Build.0 = Debug|x64
		{DE149079-3046-41A8-9B7F-C575BA6510CD}.Release|x64.ActiveCfg = Release|x64
		{DE149079-3046-41A8-9B7F-C575BA6510CD}.Release|x64.Build.0 = Release|x64
	EndGlobalSection
	GlobalSection(SolutionProperties) = preSolution
		HideSolutionNode = FALSE
	EndGlobalSection
	GlobalSection(ExtensibilityGlobals) = postSolution
		SolutionGuid = {A278D151-7912-4A01-9387-A4A6B5850517}
	EndGlobalSection
EndGlobal
