<?xml version="1.0" encoding="utf-8"?>
<Project ToolsVersion="4.0" xmlns="http://schemas.microsoft.com/developer/msbuild/2003">
  <ItemGroup>
    <Filter Include="MendiEngine">
      <UniqueIdentifier>{08F33E33-74A8-B728-FD9C-B1FF6951AE2C}</UniqueIdentifier>
    </Filter>
    <Filter Include="MendiEngine\Events">
      <UniqueIdentifier>{ECE5130C-D8C9-D461-412A-CFB42D2DBFE3}</UniqueIdentifier>
    </Filter>
  </ItemGroup>
  <ItemGroup>
    <ClInclude Include="src\MendiEngine.h" />
    <ClInclude Include="src\MendiEngine\Application.h">
      <Filter>MendiEngine</Filter>
    </ClInclude>
    <ClInclude Include="src\MendiEngine\Core.h">
      <Filter>MendiEngine</Filter>
    </ClInclude>
    <ClInclude Include="src\MendiEngine\EntryPoint.h">
      <Filter>MendiEngine</Filter>
    </ClInclude>
    <ClInclude Include="src\MendiEngine\Events\ApplicationEvent.h">
      <Filter>MendiEngine\Events</Filter>
    </ClInclude>
    <ClInclude Include="src\MendiEngine\Events\Event.h">
      <Filter>MendiEngine\Events</Filter>
    </ClInclude>
    <ClInclude Include="src\MendiEngine\Events\KeyEvent.h">
      <Filter>MendiEngine\Events</Filter>
    </ClInclude>
    <ClInclude Include="src\MendiEngine\Events\MouseEvent.h">
      <Filter>MendiEngine\Events</Filter>
    </ClInclude>
    <ClInclude Include="src\MendiEngine\Log.h">
      <Filter>MendiEngine</Filter>
    </ClInclude>
  </ItemGroup>
  <ItemGroup>
    <ClCompile Include="src\MendiEngine\Application.cpp">
      <Filter>MendiEngine</Filter>
    </ClCompile>
    <ClCompile Include="src\MendiEngine\Log.cpp">
      <Filter>MendiEngine</Filter>
    </ClCompile>
  </ItemGroup>
</Project>